
Microsoft Visual Studio Solution File, Format Version 12.00
# Visual Studio Version 17
VisualStudioVersion = 17.0.31903.59
MinimumVisualStudioVersion = 10.0.40219.1
Project("{2150E333-8FDC-42A3-9474-1A3956D46DE8}") = "src", "src", "{827E0CD3-B72D-47B6-A68D-7590B98EB39B}"
EndProject
Project("{2150E333-8FDC-42A3-9474-1A3956D46DE8}") = "common", "common", "{BFF2DF6E-AA54-47C7-211F-79ACCBB4577C}"
EndProject
Project("{FAE04EC0-301F-11D3-BF4B-00C04F79EFBC}") = "Bifrost.Time", "src\common\Bifrost.Time\Bifrost.Time.csproj", "{01069CA2-D07D-4898-A9A3-94DE3F5BF13C}"
EndProject
Project("{2150E333-8FDC-42A3-9474-1A3956D46DE8}") = "exchange", "exchange", "{C2F51C43-D5B8-5A41-5E44-FAECCB1FC6A3}"
EndProject
Project("{FAE04EC0-301F-11D3-BF4B-00C04F79EFBC}") = "Bifrost.Exchange", "src\exchange\Bifrost.Exchange.csproj", "{47C05E73-61B8-4611-8378-7872A51075F1}"
EndProject
Project("{2150E333-8FDC-42A3-9474-1A3956D46DE8}") = "quoter", "quoter", "{E1929B6A-136E-2244-A0EA-4F5CAE35069A}"
EndProject
Project("{FAE04EC0-301F-11D3-BF4B-00C04F79EFBC}") = "Bifrost.Quoter", "src\quoter\Bifrost.Quoter.csproj", "{924A1128-A6D9-4D91-A44D-4CA4E246E3A3}"
EndProject
Project("{2150E333-8FDC-42A3-9474-1A3956D46DE8}") = "imbalance", "imbalance", "{DBC58994-8461-1194-0262-600210CF60BD}"
EndProject
Project("{FAE04EC0-301F-11D3-BF4B-00C04F79EFBC}") = "Bifrost.Imbalance", "src\imbalance\Bifrost.Imbalance.csproj", "{A5894014-0E12-4B69-805B-27309075120D}"
EndProject
Project("{2150E333-8FDC-42A3-9474-1A3956D46DE8}") = "dah-auction", "dah-auction", "{AD23C2D9-FBF6-4521-50A0-795E9800364A}"
EndProject
Project("{FAE04EC0-301F-11D3-BF4B-00C04F79EFBC}") = "Bifrost.DahAuction", "src\dah-auction\Bifrost.DahAuction.csproj", "{BF499F5D-C6F3-42AB-BA03-09181131138D}"
EndProject
Project("{2150E333-8FDC-42A3-9474-1A3956D46DE8}") = "orchestrator", "orchestrator", "{A1D69D03-291D-DB9F-E07E-060D002C8783}"
EndProject
Project("{FAE04EC0-301F-11D3-BF4B-00C04F79EFBC}") = "Bifrost.Orchestrator", "src\orchestrator\Bifrost.Orchestrator.csproj", "{2B0E9012-38B4-499D-9403-CFE1CFB2D6FA}"
EndProject
Project("{2150E333-8FDC-42A3-9474-1A3956D46DE8}") = "gateway", "gateway", "{6306A8FB-679E-111F-6585-8F70E0EE6013}"
EndProject
Project("{FAE04EC0-301F-11D3-BF4B-00C04F79EFBC}") = "Bifrost.Gateway", "src\gateway\Bifrost.Gateway.csproj", "{89CBAE79-C28E-45AD-BC55-2B066221DC07}"
EndProject
Project("{2150E333-8FDC-42A3-9474-1A3956D46DE8}") = "recorder", "recorder", "{D072DF1E-AFB6-5E46-68B8-6619B73AC6FE}"
EndProject
Project("{FAE04EC0-301F-11D3-BF4B-00C04F79EFBC}") = "Bifrost.Recorder", "src\recorder\Bifrost.Recorder.csproj", "{238ADFB9-5CD9-4BD5-8BA7-959943F0EFA3}"
EndProject
Project("{2150E333-8FDC-42A3-9474-1A3956D46DE8}") = "mc-console", "mc-console", "{ADDE1630-439F-429E-7208-AB06076DA8A1}"
EndProject
Project("{FAE04EC0-301F-11D3-BF4B-00C04F79EFBC}") = "Bifrost.McConsole", "src\mc-console\Bifrost.McConsole.csproj", "{BA8886EF-03EC-4C21-ADAA-948AD2382C4F}"
EndProject
Project("{2150E333-8FDC-42A3-9474-1A3956D46DE8}") = "tests", "tests", "{0AB3BF05-4346-4AA6-1389-037BE0695223}"
EndProject
Project("{FAE04EC0-301F-11D3-BF4B-00C04F79EFBC}") = "Bifrost.Exchange.Tests", "tests\Bifrost.Exchange.Tests\Bifrost.Exchange.Tests.csproj", "{0DAE2FCC-CBD9-4DC6-B940-6A96F66A9D7B}"
EndProject
Project("{FAE04EC0-301F-11D3-BF4B-00C04F79EFBC}") = "Bifrost.Quoter.Tests", "tests\Bifrost.Quoter.Tests\Bifrost.Quoter.Tests.csproj", "{F096C177-2B26-4FA6-B50A-88ED85085696}"
EndProject
Project("{FAE04EC0-301F-11D3-BF4B-00C04F79EFBC}") = "Bifrost.Imbalance.Tests", "tests\Bifrost.Imbalance.Tests\Bifrost.Imbalance.Tests.csproj", "{7E54515C-D643-4F45-BA00-6469BAF4DE7C}"
EndProject
Project("{FAE04EC0-301F-11D3-BF4B-00C04F79EFBC}") = "Bifrost.DahAuction.Tests", "tests\Bifrost.DahAuction.Tests\Bifrost.DahAuction.Tests.csproj", "{4133EA13-8028-4535-A153-C92B1F060F82}"
EndProject
Project("{FAE04EC0-301F-11D3-BF4B-00C04F79EFBC}") = "Bifrost.Orchestrator.Tests", "tests\Bifrost.Orchestrator.Tests\Bifrost.Orchestrator.Tests.csproj", "{E6307F30-FF35-4E8D-BCB5-F35281D95E27}"
EndProject
Project("{FAE04EC0-301F-11D3-BF4B-00C04F79EFBC}") = "Bifrost.Gateway.Tests", "tests\Bifrost.Gateway.Tests\Bifrost.Gateway.Tests.csproj", "{5976BF84-570A-49DC-8E83-ACD5C5CAB506}"
EndProject
Project("{FAE04EC0-301F-11D3-BF4B-00C04F79EFBC}") = "Bifrost.Recorder.Tests", "tests\Bifrost.Recorder.Tests\Bifrost.Recorder.Tests.csproj", "{20F12BF4-68F4-4A7A-B81A-C7F145D2F8B1}"
EndProject
Project("{FAE04EC0-301F-11D3-BF4B-00C04F79EFBC}") = "Bifrost.McConsole.Tests", "tests\Bifrost.McConsole.Tests\Bifrost.McConsole.Tests.csproj", "{C615B1FD-2AC6-455D-B785-BEB305C18E25}"
EndProject
Project("{2150E333-8FDC-42A3-9474-1A3956D46DE8}") = "contracts", "contracts", "{A73F2606-6D4C-3EEE-1759-0E59DCFEF523}"
EndProject
Project("{2150E333-8FDC-42A3-9474-1A3956D46DE8}") = "dotnet", "dotnet", "{FC73EE1F-B9D5-AEED-D3B5-FA50EDF610AE}"
EndProject
Project("{FAE04EC0-301F-11D3-BF4B-00C04F79EFBC}") = "Bifrost.Contracts.Market", "contracts\dotnet\Bifrost.Contracts.Market\Bifrost.Contracts.Market.csproj", "{701FF224-1E7D-450B-85B7-8794A44A38AE}"
EndProject
Project("{FAE04EC0-301F-11D3-BF4B-00C04F79EFBC}") = "Bifrost.Contracts.Auction", "contracts\dotnet\Bifrost.Contracts.Auction\Bifrost.Contracts.Auction.csproj", "{10CF7C17-3D60-4E56-8711-51489BEC69B7}"
EndProject
Project("{FAE04EC0-301F-11D3-BF4B-00C04F79EFBC}") = "Bifrost.Contracts.Round", "contracts\dotnet\Bifrost.Contracts.Round\Bifrost.Contracts.Round.csproj", "{A8BBDB27-C4F9-4B41-952E-E3092A7B3CB4}"
EndProject
Project("{FAE04EC0-301F-11D3-BF4B-00C04F79EFBC}") = "Bifrost.Contracts.Events", "contracts\dotnet\Bifrost.Contracts.Events\Bifrost.Contracts.Events.csproj", "{0133BD40-ED91-4779-9A62-F63ADFEFAFA9}"
EndProject
Project("{FAE04EC0-301F-11D3-BF4B-00C04F79EFBC}") = "Bifrost.Contracts.Strategy", "contracts\dotnet\Bifrost.Contracts.Strategy\Bifrost.Contracts.Strategy.csproj", "{FD47398F-7F3B-4747-B54A-F154A84BAC98}"
EndProject
Project("{FAE04EC0-301F-11D3-BF4B-00C04F79EFBC}") = "Bifrost.Contracts.Mc", "contracts\dotnet\Bifrost.Contracts.Mc\Bifrost.Contracts.Mc.csproj", "{4DF73C94-9058-48A8-8F44-5657FD312C47}"
EndProject
Project("{2150E333-8FDC-42A3-9474-1A3956D46DE8}") = "contracts-internal", "contracts-internal", "{82E789F8-08B8-43E0-80A9-BAE3880B7CDB}"
EndProject
Project("{FAE04EC0-301F-11D3-BF4B-00C04F79EFBC}") = "Bifrost.Contracts.Internal", "src\contracts-internal\Bifrost.Contracts.Internal\Bifrost.Contracts.Internal.csproj", "{46FD6D97-21C8-4E27-BEFE-5A73CE05F47F}"
EndProject
Project("{FAE04EC0-301F-11D3-BF4B-00C04F79EFBC}") = "Bifrost.Contracts.Roundtrip.Tests", "tests\Bifrost.Contracts.Roundtrip.Tests\Bifrost.Contracts.Roundtrip.Tests.csproj", "{51018DB9-DD9A-4530-BA09-207D78AAC903}"
EndProject
Project("{FAE04EC0-301F-11D3-BF4B-00C04F79EFBC}") = "Bifrost.Contracts.Translation.Tests", "tests\Bifrost.Contracts.Translation.Tests\Bifrost.Contracts.Translation.Tests.csproj", "{422F37DC-03A6-4A8D-B502-AEF7C15EC1B8}"
EndProject
Global
	GlobalSection(SolutionConfigurationPlatforms) = preSolution
		Debug|Any CPU = Debug|Any CPU
		Debug|x64 = Debug|x64
		Debug|x86 = Debug|x86
		Release|Any CPU = Release|Any CPU
		Release|x64 = Release|x64
		Release|x86 = Release|x86
	EndGlobalSection
	GlobalSection(ProjectConfigurationPlatforms) = postSolution
		{01069CA2-D07D-4898-A9A3-94DE3F5BF13C}.Debug|Any CPU.ActiveCfg = Debug|Any CPU
		{01069CA2-D07D-4898-A9A3-94DE3F5BF13C}.Debug|Any CPU.Build.0 = Debug|Any CPU
		{01069CA2-D07D-4898-A9A3-94DE3F5BF13C}.Debug|x64.ActiveCfg = Debug|Any CPU
		{01069CA2-D07D-4898-A9A3-94DE3F5BF13C}.Debug|x64.Build.0 = Debug|Any CPU
		{01069CA2-D07D-4898-A9A3-94DE3F5BF13C}.Debug|x86.ActiveCfg = Debug|Any CPU
		{01069CA2-D07D-4898-A9A3-94DE3F5BF13C}.Debug|x86.Build.0 = Debug|Any CPU
		{01069CA2-D07D-4898-A9A3-94DE3F5BF13C}.Release|Any CPU.ActiveCfg = Release|Any CPU
		{01069CA2-D07D-4898-A9A3-94DE3F5BF13C}.Release|Any CPU.Build.0 = Release|Any CPU
		{01069CA2-D07D-4898-A9A3-94DE3F5BF13C}.Release|x64.ActiveCfg = Release|Any CPU
		{01069CA2-D07D-4898-A9A3-94DE3F5BF13C}.Release|x64.Build.0 = Release|Any CPU
		{01069CA2-D07D-4898-A9A3-94DE3F5BF13C}.Release|x86.ActiveCfg = Release|Any CPU
		{01069CA2-D07D-4898-A9A3-94DE3F5BF13C}.Release|x86.Build.0 = Release|Any CPU
		{47C05E73-61B8-4611-8378-7872A51075F1}.Debug|Any CPU.ActiveCfg = Debug|Any CPU
		{47C05E73-61B8-4611-8378-7872A51075F1}.Debug|Any CPU.Build.0 = Debug|Any CPU
		{47C05E73-61B8-4611-8378-7872A51075F1}.Debug|x64.ActiveCfg = Debug|Any CPU
		{47C05E73-61B8-4611-8378-7872A51075F1}.Debug|x64.Build.0 = Debug|Any CPU
		{47C05E73-61B8-4611-8378-7872A51075F1}.Debug|x86.ActiveCfg = Debug|Any CPU
		{47C05E73-61B8-4611-8378-7872A51075F1}.Debug|x86.Build.0 = Debug|Any CPU
		{47C05E73-61B8-4611-8378-7872A51075F1}.Release|Any CPU.ActiveCfg = Release|Any CPU
		{47C05E73-61B8-4611-8378-7872A51075F1}.Release|Any CPU.Build.0 = Release|Any CPU
		{47C05E73-61B8-4611-8378-7872A51075F1}.Release|x64.ActiveCfg = Release|Any CPU
		{47C05E73-61B8-4611-8378-7872A51075F1}.Release|x64.Build.0 = Release|Any CPU
		{47C05E73-61B8-4611-8378-7872A51075F1}.Release|x86.ActiveCfg = Release|Any CPU
		{47C05E73-61B8-4611-8378-7872A51075F1}.Release|x86.Build.0 = Release|Any CPU
		{924A1128-A6D9-4D91-A44D-4CA4E246E3A3}.Debug|Any CPU.ActiveCfg = Debug|Any CPU
		{924A1128-A6D9-4D91-A44D-4CA4E246E3A3}.Debug|Any CPU.Build.0 = Debug|Any CPU
		{924A1128-A6D9-4D91-A44D-4CA4E246E3A3}.Debug|x64.ActiveCfg = Debug|Any CPU
		{924A1128-A6D9-4D91-A44D-4CA4E246E3A3}.Debug|x64.Build.0 = Debug|Any CPU
		{924A1128-A6D9-4D91-A44D-4CA4E246E3A3}.Debug|x86.ActiveCfg = Debug|Any CPU
		{924A1128-A6D9-4D91-A44D-4CA4E246E3A3}.Debug|x86.Build.0 = Debug|Any CPU
		{924A1128-A6D9-4D91-A44D-4CA4E246E3A3}.Release|Any CPU.ActiveCfg = Release|Any CPU
		{924A1128-A6D9-4D91-A44D-4CA4E246E3A3}.Release|Any CPU.Build.0 = Release|Any CPU
		{924A1128-A6D9-4D91-A44D-4CA4E246E3A3}.Release|x64.ActiveCfg = Release|Any CPU
		{924A1128-A6D9-4D91-A44D-4CA4E246E3A3}.Release|x64.Build.0 = Release|Any CPU
		{924A1128-A6D9-4D91-A44D-4CA4E246E3A3}.Release|x86.ActiveCfg = Release|Any CPU
		{924A1128-A6D9-4D91-A44D-4CA4E246E3A3}.Release|x86.Build.0 = Release|Any CPU
		{A5894014-0E12-4B69-805B-27309075120D}.Debug|Any CPU.ActiveCfg = Debug|Any CPU
		{A5894014-0E12-4B69-805B-27309075120D}.Debug|Any CPU.Build.0 = Debug|Any CPU
		{A5894014-0E12-4B69-805B-27309075120D}.Debug|x64.ActiveCfg = Debug|Any CPU
		{A5894014-0E12-4B69-805B-27309075120D}.Debug|x64.Build.0 = Debug|Any CPU
		{A5894014-0E12-4B69-805B-27309075120D}.Debug|x86.ActiveCfg = Debug|Any CPU
		{A5894014-0E12-4B69-805B-27309075120D}.Debug|x86.Build.0 = Debug|Any CPU
		{A5894014-0E12-4B69-805B-27309075120D}.Release|Any CPU.ActiveCfg = Release|Any CPU
		{A5894014-0E12-4B69-805B-27309075120D}.Release|Any CPU.Build.0 = Release|Any CPU
		{A5894014-0E12-4B69-805B-27309075120D}.Release|x64.ActiveCfg = Release|Any CPU
		{A5894014-0E12-4B69-805B-27309075120D}.Release|x64.Build.0 = Release|Any CPU
		{A5894014-0E12-4B69-805B-27309075120D}.Release|x86.ActiveCfg = Release|Any CPU
		{A5894014-0E12-4B69-805B-27309075120D}.Release|x86.Build.0 = Release|Any CPU
		{BF499F5D-C6F3-42AB-BA03-09181131138D}.Debug|Any CPU.ActiveCfg = Debug|Any CPU
		{BF499F5D-C6F3-42AB-BA03-09181131138D}.Debug|Any CPU.Build.0 = Debug|Any CPU
		{BF499F5D-C6F3-42AB-BA03-09181131138D}.Debug|x64.ActiveCfg = Debug|Any CPU
		{BF499F5D-C6F3-42AB-BA03-09181131138D}.Debug|x64.Build.0 = Debug|Any CPU
		{BF499F5D-C6F3-42AB-BA03-09181131138D}.Debug|x86.ActiveCfg = Debug|Any CPU
		{BF499F5D-C6F3-42AB-BA03-09181131138D}.Debug|x86.Build.0 = Debug|Any CPU
		{BF499F5D-C6F3-42AB-BA03-09181131138D}.Release|Any CPU.ActiveCfg = Release|Any CPU
		{BF499F5D-C6F3-42AB-BA03-09181131138D}.Release|Any CPU.Build.0 = Release|Any CPU
		{BF499F5D-C6F3-42AB-BA03-09181131138D}.Release|x64.ActiveCfg = Release|Any CPU
		{BF499F5D-C6F3-42AB-BA03-09181131138D}.Release|x64.Build.0 = Release|Any CPU
		{BF499F5D-C6F3-42AB-BA03-09181131138D}.Release|x86.ActiveCfg = Release|Any CPU
		{BF499F5D-C6F3-42AB-BA03-09181131138D}.Release|x86.Build.0 = Release|Any CPU
		{2B0E9012-38B4-499D-9403-CFE1CFB2D6FA}.Debug|Any CPU.ActiveCfg = Debug|Any CPU
		{2B0E9012-38B4-499D-9403-CFE1CFB2D6FA}.Debug|Any CPU.Build.0 = Debug|Any CPU
		{2B0E9012-38B4-499D-9403-CFE1CFB2D6FA}.Debug|x64.ActiveCfg = Debug|Any CPU
		{2B0E9012-38B4-499D-9403-CFE1CFB2D6FA}.Debug|x64.Build.0 = Debug|Any CPU
		{2B0E9012-38B4-499D-9403-CFE1CFB2D6FA}.Debug|x86.ActiveCfg = Debug|Any CPU
		{2B0E9012-38B4-499D-9403-CFE1CFB2D6FA}.Debug|x86.Build.0 = Debug|Any CPU
		{2B0E9012-38B4-499D-9403-CFE1CFB2D6FA}.Release|Any CPU.ActiveCfg = Release|Any CPU
		{2B0E9012-38B4-499D-9403-CFE1CFB2D6FA}.Release|Any CPU.Build.0 = Release|Any CPU
		{2B0E9012-38B4-499D-9403-CFE1CFB2D6FA}.Release|x64.ActiveCfg = Release|Any CPU
		{2B0E9012-38B4-499D-9403-CFE1CFB2D6FA}.Release|x64.Build.0 = Release|Any CPU
		{2B0E9012-38B4-499D-9403-CFE1CFB2D6FA}.Release|x86.ActiveCfg = Release|Any CPU
		{2B0E9012-38B4-499D-9403-CFE1CFB2D6FA}.Release|x86.Build.0 = Release|Any CPU
		{89CBAE79-C28E-45AD-BC55-2B066221DC07}.Debug|Any CPU.ActiveCfg = Debug|Any CPU
		{89CBAE79-C28E-45AD-BC55-2B066221DC07}.Debug|Any CPU.Build.0 = Debug|Any CPU
		{89CBAE79-C28E-45AD-BC55-2B066221DC07}.Debug|x64.ActiveCfg = Debug|Any CPU
		{89CBAE79-C28E-45AD-BC55-2B066221DC07}.Debug|x64.Build.0 = Debug|Any CPU
		{89CBAE79-C28E-45AD-BC55-2B066221DC07}.Debug|x86.ActiveCfg = Debug|Any CPU
		{89CBAE79-C28E-45AD-BC55-2B066221DC07}.Debug|x86.Build.0 = Debug|Any CPU
		{89CBAE79-C28E-45AD-BC55-2B066221DC07}.Release|Any CPU.ActiveCfg = Release|Any CPU
		{89CBAE79-C28E-45AD-BC55-2B066221DC07}.Release|Any CPU.Build.0 = Release|Any CPU
		{89CBAE79-C28E-45AD-BC55-2B066221DC07}.Release|x64.ActiveCfg = Release|Any CPU
		{89CBAE79-C28E-45AD-BC55-2B066221DC07}.Release|x64.Build.0 = Release|Any CPU
		{89CBAE79-C28E-45AD-BC55-2B066221DC07}.Release|x86.ActiveCfg = Release|Any CPU
		{89CBAE79-C28E-45AD-BC55-2B066221DC07}.Release|x86.Build.0 = Release|Any CPU
		{238ADFB9-5CD9-4BD5-8BA7-959943F0EFA3}.Debug|Any CPU.ActiveCfg = Debug|Any CPU
		{238ADFB9-5CD9-4BD5-8BA7-959943F0EFA3}.Debug|Any CPU.Build.0 = Debug|Any CPU
		{238ADFB9-5CD9-4BD5-8BA7-959943F0EFA3}.Debug|x64.ActiveCfg = Debug|Any CPU
		{238ADFB9-5CD9-4BD5-8BA7-959943F0EFA3}.Debug|x64.Build.0 = Debug|Any CPU
		{238ADFB9-5CD9-4BD5-8BA7-959943F0EFA3}.Debug|x86.ActiveCfg = Debug|Any CPU
		{238ADFB9-5CD9-4BD5-8BA7-959943F0EFA3}.Debug|x86.Build.0 = Debug|Any CPU
		{238ADFB9-5CD9-4BD5-8BA7-959943F0EFA3}.Release|Any CPU.ActiveCfg = Release|Any CPU
		{238ADFB9-5CD9-4BD5-8BA7-959943F0EFA3}.Release|Any CPU.Build.0 = Release|Any CPU
		{238ADFB9-5CD9-4BD5-8BA7-959943F0EFA3}.Release|x64.ActiveCfg = Release|Any CPU
		{238ADFB9-5CD9-4BD5-8BA7-959943F0EFA3}.Release|x64.Build.0 = Release|Any CPU
		{238ADFB9-5CD9-4BD5-8BA7-959943F0EFA3}.Release|x86.ActiveCfg = Release|Any CPU
		{238ADFB9-5CD9-4BD5-8BA7-959943F0EFA3}.Release|x86.Build.0 = Release|Any CPU
		{BA8886EF-03EC-4C21-ADAA-948AD2382C4F}.Debug|Any CPU.ActiveCfg = Debug|Any CPU
		{BA8886EF-03EC-4C21-ADAA-948AD2382C4F}.Debug|Any CPU.Build.0 = Debug|Any CPU
		{BA8886EF-03EC-4C21-ADAA-948AD2382C4F}.Debug|x64.ActiveCfg = Debug|Any CPU
		{BA8886EF-03EC-4C21-ADAA-948AD2382C4F}.Debug|x64.Build.0 = Debug|Any CPU
		{BA8886EF-03EC-4C21-ADAA-948AD2382C4F}.Debug|x86.ActiveCfg = Debug|Any CPU
		{BA8886EF-03EC-4C21-ADAA-948AD2382C4F}.Debug|x86.Build.0 = Debug|Any CPU
		{BA8886EF-03EC-4C21-ADAA-948AD2382C4F}.Release|Any CPU.ActiveCfg = Release|Any CPU
		{BA8886EF-03EC-4C21-ADAA-948AD2382C4F}.Release|Any CPU.Build.0 = Release|Any CPU
		{BA8886EF-03EC-4C21-ADAA-948AD2382C4F}.Release|x64.ActiveCfg = Release|Any CPU
		{BA8886EF-03EC-4C21-ADAA-948AD2382C4F}.Release|x64.Build.0 = Release|Any CPU
		{BA8886EF-03EC-4C21-ADAA-948AD2382C4F}.Release|x86.ActiveCfg = Release|Any CPU
		{BA8886EF-03EC-4C21-ADAA-948AD2382C4F}.Release|x86.Build.0 = Release|Any CPU
		{0DAE2FCC-CBD9-4DC6-B940-6A96F66A9D7B}.Debug|Any CPU.ActiveCfg = Debug|Any CPU
		{0DAE2FCC-CBD9-4DC6-B940-6A96F66A9D7B}.Debug|Any CPU.Build.0 = Debug|Any CPU
		{0DAE2FCC-CBD9-4DC6-B940-6A96F66A9D7B}.Debug|x64.ActiveCfg = Debug|Any CPU
		{0DAE2FCC-CBD9-4DC6-B940-6A96F66A9D7B}.Debug|x64.Build.0 = Debug|Any CPU
		{0DAE2FCC-CBD9-4DC6-B940-6A96F66A9D7B}.Debug|x86.ActiveCfg = Debug|Any CPU
		{0DAE2FCC-CBD9-4DC6-B940-6A96F66A9D7B}.Debug|x86.Build.0 = Debug|Any CPU
		{0DAE2FCC-CBD9-4DC6-B940-6A96F66A9D7B}.Release|Any CPU.ActiveCfg = Release|Any CPU
		{0DAE2FCC-CBD9-4DC6-B940-6A96F66A9D7B}.Release|Any CPU.Build.0 = Release|Any CPU
		{0DAE2FCC-CBD9-4DC6-B940-6A96F66A9D7B}.Release|x64.ActiveCfg = Release|Any CPU
		{0DAE2FCC-CBD9-4DC6-B940-6A96F66A9D7B}.Release|x64.Build.0 = Release|Any CPU
		{0DAE2FCC-CBD9-4DC6-B940-6A96F66A9D7B}.Release|x86.ActiveCfg = Release|Any CPU
		{0DAE2FCC-CBD9-4DC6-B940-6A96F66A9D7B}.Release|x86.Build.0 = Release|Any CPU
		{F096C177-2B26-4FA6-B50A-88ED85085696}.Debug|Any CPU.ActiveCfg = Debug|Any CPU
		{F096C177-2B26-4FA6-B50A-88ED85085696}.Debug|Any CPU.Build.0 = Debug|Any CPU
		{F096C177-2B26-4FA6-B50A-88ED85085696}.Debug|x64.ActiveCfg = Debug|Any CPU
		{F096C177-2B26-4FA6-B50A-88ED85085696}.Debug|x64.Build.0 = Debug|Any CPU
		{F096C177-2B26-4FA6-B50A-88ED85085696}.Debug|x86.ActiveCfg = Debug|Any CPU
		{F096C177-2B26-4FA6-B50A-88ED85085696}.Debug|x86.Build.0 = Debug|Any CPU
		{F096C177-2B26-4FA6-B50A-88ED85085696}.Release|Any CPU.ActiveCfg = Release|Any CPU
		{F096C177-2B26-4FA6-B50A-88ED85085696}.Release|Any CPU.Build.0 = Release|Any CPU
		{F096C177-2B26-4FA6-B50A-88ED85085696}.Release|x64.ActiveCfg = Release|Any CPU
		{F096C177-2B26-4FA6-B50A-88ED85085696}.Release|x64.Build.0 = Release|Any CPU
		{F096C177-2B26-4FA6-B50A-88ED85085696}.Release|x86.ActiveCfg = Release|Any CPU
		{F096C177-2B26-4FA6-B50A-88ED85085696}.Release|x86.Build.0 = Release|Any CPU
		{7E54515C-D643-4F45-BA00-6469BAF4DE7C}.Debug|Any CPU.ActiveCfg = Debug|Any CPU
		{7E54515C-D643-4F45-BA00-6469BAF4DE7C}.Debug|Any CPU.Build.0 = Debug|Any CPU
		{7E54515C-D643-4F45-BA00-6469BAF4DE7C}.Debug|x64.ActiveCfg = Debug|Any CPU
		{7E54515C-D643-4F45-BA00-6469BAF4DE7C}.Debug|x64.Build.0 = Debug|Any CPU
		{7E54515C-D643-4F45-BA00-6469BAF4DE7C}.Debug|x86.ActiveCfg = Debug|Any CPU
		{7E54515C-D643-4F45-BA00-6469BAF4DE7C}.Debug|x86.Build.0 = Debug|Any CPU
		{7E54515C-D643-4F45-BA00-6469BAF4DE7C}.Release|Any CPU.ActiveCfg = Release|Any CPU
		{7E54515C-D643-4F45-BA00-6469BAF4DE7C}.Release|Any CPU.Build.0 = Release|Any CPU
		{7E54515C-D643-4F45-BA00-6469BAF4DE7C}.Release|x64.ActiveCfg = Release|Any CPU
		{7E54515C-D643-4F45-BA00-6469BAF4DE7C}.Release|x64.Build.0 = Release|Any CPU
		{7E54515C-D643-4F45-BA00-6469BAF4DE7C}.Release|x86.ActiveCfg = Release|Any CPU
		{7E54515C-D643-4F45-BA00-6469BAF4DE7C}.Release|x86.Build.0 = Release|Any CPU
		{4133EA13-8028-4535-A153-C92B1F060F82}.Debug|Any CPU.ActiveCfg = Debug|Any CPU
		{4133EA13-8028-4535-A153-C92B1F060F82}.Debug|Any CPU.Build.0 = Debug|Any CPU
		{4133EA13-8028-4535-A153-C92B1F060F82}.Debug|x64.ActiveCfg = Debug|Any CPU
		{4133EA13-8028-4535-A153-C92B1F060F82}.Debug|x64.Build.0 = Debug|Any CPU
		{4133EA13-8028-4535-A153-C92B1F060F82}.Debug|x86.ActiveCfg = Debug|Any CPU
		{4133EA13-8028-4535-A153-C92B1F060F82}.Debug|x86.Build.0 = Debug|Any CPU
		{4133EA13-8028-4535-A153-C92B1F060F82}.Release|Any CPU.ActiveCfg = Release|Any CPU
		{4133EA13-8028-4535-A153-C92B1F060F82}.Release|Any CPU.Build.0 = Release|Any CPU
		{4133EA13-8028-4535-A153-C92B1F060F82}.Release|x64.ActiveCfg = Release|Any CPU
		{4133EA13-8028-4535-A153-C92B1F060F82}.Release|x64.Build.0 = Release|Any CPU
		{4133EA13-8028-4535-A153-C92B1F060F82}.Release|x86.ActiveCfg = Release|Any CPU
		{4133EA13-8028-4535-A153-C92B1F060F82}.Release|x86.Build.0 = Release|Any CPU
		{E6307F30-FF35-4E8D-BCB5-F35281D95E27}.Debug|Any CPU.ActiveCfg = Debug|Any CPU
		{E6307F30-FF35-4E8D-BCB5-F35281D95E27}.Debug|Any CPU.Build.0 = Debug|Any CPU
		{E6307F30-FF35-4E8D-BCB5-F35281D95E27}.Debug|x64.ActiveCfg = Debug|Any CPU
		{E6307F30-FF35-4E8D-BCB5-F35281D95E27}.Debug|x64.Build.0 = Debug|Any CPU
		{E6307F30-FF35-4E8D-BCB5-F35281D95E27}.Debug|x86.ActiveCfg = Debug|Any CPU
		{E6307F30-FF35-4E8D-BCB5-F35281D95E27}.Debug|x86.Build.0 = Debug|Any CPU
		{E6307F30-FF35-4E8D-BCB5-F35281D95E27}.Release|Any CPU.ActiveCfg = Release|Any CPU
		{E6307F30-FF35-4E8D-BCB5-F35281D95E27}.Release|Any CPU.Build.0 = Release|Any CPU
		{E6307F30-FF35-4E8D-BCB5-F35281D95E27}.Release|x64.ActiveCfg = Release|Any CPU
		{E6307F30-FF35-4E8D-BCB5-F35281D95E27}.Release|x64.Build.0 = Release|Any CPU
		{E6307F30-FF35-4E8D-BCB5-F35281D95E27}.Release|x86.ActiveCfg = Release|Any CPU
		{E6307F30-FF35-4E8D-BCB5-F35281D95E27}.Release|x86.Build.0 = Release|Any CPU
		{5976BF84-570A-49DC-8E83-ACD5C5CAB506}.Debug|Any CPU.ActiveCfg = Debug|Any CPU
		{5976BF84-570A-49DC-8E83-ACD5C5CAB506}.Debug|Any CPU.Build.0 = Debug|Any CPU
		{5976BF84-570A-49DC-8E83-ACD5C5CAB506}.Debug|x64.ActiveCfg = Debug|Any CPU
		{5976BF84-570A-49DC-8E83-ACD5C5CAB506}.Debug|x64.Build.0 = Debug|Any CPU
		{5976BF84-570A-49DC-8E83-ACD5C5CAB506}.Debug|x86.ActiveCfg = Debug|Any CPU
		{5976BF84-570A-49DC-8E83-ACD5C5CAB506}.Debug|x86.Build.0 = Debug|Any CPU
		{5976BF84-570A-49DC-8E83-ACD5C5CAB506}.Release|Any CPU.ActiveCfg = Release|Any CPU
		{5976BF84-570A-49DC-8E83-ACD5C5CAB506}.Release|Any CPU.Build.0 = Release|Any CPU
		{5976BF84-570A-49DC-8E83-ACD5C5CAB506}.Release|x64.ActiveCfg = Release|Any CPU
		{5976BF84-570A-49DC-8E83-ACD5C5CAB506}.Release|x64.Build.0 = Release|Any CPU
		{5976BF84-570A-49DC-8E83-ACD5C5CAB506}.Release|x86.ActiveCfg = Release|Any CPU
		{5976BF84-570A-49DC-8E83-ACD5C5CAB506}.Release|x86.Build.0 = Release|Any CPU
		{20F12BF4-68F4-4A7A-B81A-C7F145D2F8B1}.Debug|Any CPU.ActiveCfg = Debug|Any CPU
		{20F12BF4-68F4-4A7A-B81A-C7F145D2F8B1}.Debug|Any CPU.Build.0 = Debug|Any CPU
		{20F12BF4-68F4-4A7A-B81A-C7F145D2F8B1}.Debug|x64.ActiveCfg = Debug|Any CPU
		{20F12BF4-68F4-4A7A-B81A-C7F145D2F8B1}.Debug|x64.Build.0 = Debug|Any CPU
		{20F12BF4-68F4-4A7A-B81A-C7F145D2F8B1}.Debug|x86.ActiveCfg = Debug|Any CPU
		{20F12BF4-68F4-4A7A-B81A-C7F145D2F8B1}.Debug|x86.Build.0 = Debug|Any CPU
		{20F12BF4-68F4-4A7A-B81A-C7F145D2F8B1}.Release|Any CPU.ActiveCfg = Release|Any CPU
		{20F12BF4-68F4-4A7A-B81A-C7F145D2F8B1}.Release|Any CPU.Build.0 = Release|Any CPU
		{20F12BF4-68F4-4A7A-B81A-C7F145D2F8B1}.Release|x64.ActiveCfg = Release|Any CPU
		{20F12BF4-68F4-4A7A-B81A-C7F145D2F8B1}.Release|x64.Build.0 = Release|Any CPU
		{20F12BF4-68F4-4A7A-B81A-C7F145D2F8B1}.Release|x86.ActiveCfg = Release|Any CPU
		{20F12BF4-68F4-4A7A-B81A-C7F145D2F8B1}.Release|x86.Build.0 = Release|Any CPU
		{C615B1FD-2AC6-455D-B785-BEB305C18E25}.Debug|Any CPU.ActiveCfg = Debug|Any CPU
		{C615B1FD-2AC6-455D-B785-BEB305C18E25}.Debug|Any CPU.Build.0 = Debug|Any CPU
		{C615B1FD-2AC6-455D-B785-BEB305C18E25}.Debug|x64.ActiveCfg = Debug|Any CPU
		{C615B1FD-2AC6-455D-B785-BEB305C18E25}.Debug|x64.Build.0 = Debug|Any CPU
		{C615B1FD-2AC6-455D-B785-BEB305C18E25}.Debug|x86.ActiveCfg = Debug|Any CPU
		{C615B1FD-2AC6-455D-B785-BEB305C18E25}.Debug|x86.Build.0 = Debug|Any CPU
		{C615B1FD-2AC6-455D-B785-BEB305C18E25}.Release|Any CPU.ActiveCfg = Release|Any CPU
		{C615B1FD-2AC6-455D-B785-BEB305C18E25}.Release|Any CPU.Build.0 = Release|Any CPU
		{C615B1FD-2AC6-455D-B785-BEB305C18E25}.Release|x64.ActiveCfg = Release|Any CPU
		{C615B1FD-2AC6-455D-B785-BEB305C18E25}.Release|x64.Build.0 = Release|Any CPU
		{C615B1FD-2AC6-455D-B785-BEB305C18E25}.Release|x86.ActiveCfg = Release|Any CPU
		{C615B1FD-2AC6-455D-B785-BEB305C18E25}.Release|x86.Build.0 = Release|Any CPU
		{701FF224-1E7D-450B-85B7-8794A44A38AE}.Debug|Any CPU.ActiveCfg = Debug|Any CPU
		{701FF224-1E7D-450B-85B7-8794A44A38AE}.Debug|Any CPU.Build.0 = Debug|Any CPU
		{701FF224-1E7D-450B-85B7-8794A44A38AE}.Debug|x64.ActiveCfg = Debug|Any CPU
		{701FF224-1E7D-450B-85B7-8794A44A38AE}.Debug|x64.Build.0 = Debug|Any CPU
		{701FF224-1E7D-450B-85B7-8794A44A38AE}.Debug|x86.ActiveCfg = Debug|Any CPU
		{701FF224-1E7D-450B-85B7-8794A44A38AE}.Debug|x86.Build.0 = Debug|Any CPU
		{701FF224-1E7D-450B-85B7-8794A44A38AE}.Release|Any CPU.ActiveCfg = Release|Any CPU
		{701FF224-1E7D-450B-85B7-8794A44A38AE}.Release|Any CPU.Build.0 = Release|Any CPU
		{701FF224-1E7D-450B-85B7-8794A44A38AE}.Release|x64.ActiveCfg = Release|Any CPU
		{701FF224-1E7D-450B-85B7-8794A44A38AE}.Release|x64.Build.0 = Release|Any CPU
		{701FF224-1E7D-450B-85B7-8794A44A38AE}.Release|x86.ActiveCfg = Release|Any CPU
		{701FF224-1E7D-450B-85B7-8794A44A38AE}.Release|x86.Build.0 = Release|Any CPU
		{10CF7C17-3D60-4E56-8711-51489BEC69B7}.Debug|Any CPU.ActiveCfg = Debug|Any CPU
		{10CF7C17-3D60-4E56-8711-51489BEC69B7}.Debug|Any CPU.Build.0 = Debug|Any CPU
		{10CF7C17-3D60-4E56-8711-51489BEC69B7}.Debug|x64.ActiveCfg = Debug|Any CPU
		{10CF7C17-3D60-4E56-8711-51489BEC69B7}.Debug|x64.Build.0 = Debug|Any CPU
		{10CF7C17-3D60-4E56-8711-51489BEC69B7}.Debug|x86.ActiveCfg = Debug|Any CPU
		{10CF7C17-3D60-4E56-8711-51489BEC69B7}.Debug|x86.Build.0 = Debug|Any CPU
		{10CF7C17-3D60-4E56-8711-51489BEC69B7}.Release|Any CPU.ActiveCfg = Release|Any CPU
		{10CF7C17-3D60-4E56-8711-51489BEC69B7}.Release|Any CPU.Build.0 = Release|Any CPU
		{10CF7C17-3D60-4E56-8711-51489BEC69B7}.Release|x64.ActiveCfg = Release|Any CPU
		{10CF7C17-3D60-4E56-8711-51489BEC69B7}.Release|x64.Build.0 = Release|Any CPU
		{10CF7C17-3D60-4E56-8711-51489BEC69B7}.Release|x86.ActiveCfg = Release|Any CPU
		{10CF7C17-3D60-4E56-8711-51489BEC69B7}.Release|x86.Build.0 = Release|Any CPU
		{A8BBDB27-C4F9-4B41-952E-E3092A7B3CB4}.Debug|Any CPU.ActiveCfg = Debug|Any CPU
		{A8BBDB27-C4F9-4B41-952E-E3092A7B3CB4}.Debug|Any CPU.Build.0 = Debug|Any CPU
		{A8BBDB27-C4F9-4B41-952E-E3092A7B3CB4}.Debug|x64.ActiveCfg = Debug|Any CPU
		{A8BBDB27-C4F9-4B41-952E-E3092A7B3CB4}.Debug|x64.Build.0 = Debug|Any CPU
		{A8BBDB27-C4F9-4B41-952E-E3092A7B3CB4}.Debug|x86.ActiveCfg = Debug|Any CPU
		{A8BBDB27-C4F9-4B41-952E-E3092A7B3CB4}.Debug|x86.Build.0 = Debug|Any CPU
		{A8BBDB27-C4F9-4B41-952E-E3092A7B3CB4}.Release|Any CPU.ActiveCfg = Release|Any CPU
		{A8BBDB27-C4F9-4B41-952E-E3092A7B3CB4}.Release|Any CPU.Build.0 = Release|Any CPU
		{A8BBDB27-C4F9-4B41-952E-E3092A7B3CB4}.Release|x64.ActiveCfg = Release|Any CPU
		{A8BBDB27-C4F9-4B41-952E-E3092A7B3CB4}.Release|x64.Build.0 = Release|Any CPU
		{A8BBDB27-C4F9-4B41-952E-E3092A7B3CB4}.Release|x86.ActiveCfg = Release|Any CPU
		{A8BBDB27-C4F9-4B41-952E-E3092A7B3CB4}.Release|x86.Build.0 = Release|Any CPU
		{0133BD40-ED91-4779-9A62-F63ADFEFAFA9}.Debug|Any CPU.ActiveCfg = Debug|Any CPU
		{0133BD40-ED91-4779-9A62-F63ADFEFAFA9}.Debug|Any CPU.Build.0 = Debug|Any CPU
		{0133BD40-ED91-4779-9A62-F63ADFEFAFA9}.Debug|x64.ActiveCfg = Debug|Any CPU
		{0133BD40-ED91-4779-9A62-F63ADFEFAFA9}.Debug|x64.Build.0 = Debug|Any CPU
		{0133BD40-ED91-4779-9A62-F63ADFEFAFA9}.Debug|x86.ActiveCfg = Debug|Any CPU
		{0133BD40-ED91-4779-9A62-F63ADFEFAFA9}.Debug|x86.Build.0 = Debug|Any CPU
		{0133BD40-ED91-4779-9A62-F63ADFEFAFA9}.Release|Any CPU.ActiveCfg = Release|Any CPU
		{0133BD40-ED91-4779-9A62-F63ADFEFAFA9}.Release|Any CPU.Build.0 = Release|Any CPU
		{0133BD40-ED91-4779-9A62-F63ADFEFAFA9}.Release|x64.ActiveCfg = Release|Any CPU
		{0133BD40-ED91-4779-9A62-F63ADFEFAFA9}.Release|x64.Build.0 = Release|Any CPU
		{0133BD40-ED91-4779-9A62-F63ADFEFAFA9}.Release|x86.ActiveCfg = Release|Any CPU
		{0133BD40-ED91-4779-9A62-F63ADFEFAFA9}.Release|x86.Build.0 = Release|Any CPU
		{FD47398F-7F3B-4747-B54A-F154A84BAC98}.Debug|Any CPU.ActiveCfg = Debug|Any CPU
		{FD47398F-7F3B-4747-B54A-F154A84BAC98}.Debug|Any CPU.Build.0 = Debug|Any CPU
		{FD47398F-7F3B-4747-B54A-F154A84BAC98}.Debug|x64.ActiveCfg = Debug|Any CPU
		{FD47398F-7F3B-4747-B54A-F154A84BAC98}.Debug|x64.Build.0 = Debug|Any CPU
		{FD47398F-7F3B-4747-B54A-F154A84BAC98}.Debug|x86.ActiveCfg = Debug|Any CPU
		{FD47398F-7F3B-4747-B54A-F154A84BAC98}.Debug|x86.Build.0 = Debug|Any CPU
		{FD47398F-7F3B-4747-B54A-F154A84BAC98}.Release|Any CPU.ActiveCfg = Release|Any CPU
		{FD47398F-7F3B-4747-B54A-F154A84BAC98}.Release|Any CPU.Build.0 = Release|Any CPU
		{FD47398F-7F3B-4747-B54A-F154A84BAC98}.Release|x64.ActiveCfg = Release|Any CPU
		{FD47398F-7F3B-4747-B54A-F154A84BAC98}.Release|x64.Build.0 = Release|Any CPU
		{FD47398F-7F3B-4747-B54A-F154A84BAC98}.Release|x86.ActiveCfg = Release|Any CPU
		{FD47398F-7F3B-4747-B54A-F154A84BAC98}.Release|x86.Build.0 = Release|Any CPU
		{4DF73C94-9058-48A8-8F44-5657FD312C47}.Debug|Any CPU.ActiveCfg = Debug|Any CPU
		{4DF73C94-9058-48A8-8F44-5657FD312C47}.Debug|Any CPU.Build.0 = Debug|Any CPU
		{4DF73C94-9058-48A8-8F44-5657FD312C47}.Debug|x64.ActiveCfg = Debug|Any CPU
		{4DF73C94-9058-48A8-8F44-5657FD312C47}.Debug|x64.Build.0 = Debug|Any CPU
		{4DF73C94-9058-48A8-8F44-5657FD312C47}.Debug|x86.ActiveCfg = Debug|Any CPU
		{4DF73C94-9058-48A8-8F44-5657FD312C47}.Debug|x86.Build.0 = Debug|Any CPU
		{4DF73C94-9058-48A8-8F44-5657FD312C47}.Release|Any CPU.ActiveCfg = Release|Any CPU
		{4DF73C94-9058-48A8-8F44-5657FD312C47}.Release|Any CPU.Build.0 = Release|Any CPU
		{4DF73C94-9058-48A8-8F44-5657FD312C47}.Release|x64.ActiveCfg = Release|Any CPU
		{4DF73C94-9058-48A8-8F44-5657FD312C47}.Release|x64.Build.0 = Release|Any CPU
		{4DF73C94-9058-48A8-8F44-5657FD312C47}.Release|x86.ActiveCfg = Release|Any CPU
		{4DF73C94-9058-48A8-8F44-5657FD312C47}.Release|x86.Build.0 = Release|Any CPU
		{46FD6D97-21C8-4E27-BEFE-5A73CE05F47F}.Debug|Any CPU.ActiveCfg = Debug|Any CPU
		{46FD6D97-21C8-4E27-BEFE-5A73CE05F47F}.Debug|Any CPU.Build.0 = Debug|Any CPU
		{46FD6D97-21C8-4E27-BEFE-5A73CE05F47F}.Debug|x64.ActiveCfg = Debug|Any CPU
		{46FD6D97-21C8-4E27-BEFE-5A73CE05F47F}.Debug|x64.Build.0 = Debug|Any CPU
		{46FD6D97-21C8-4E27-BEFE-5A73CE05F47F}.Debug|x86.ActiveCfg = Debug|Any CPU
		{46FD6D97-21C8-4E27-BEFE-5A73CE05F47F}.Debug|x86.Build.0 = Debug|Any CPU
		{46FD6D97-21C8-4E27-BEFE-5A73CE05F47F}.Release|Any CPU.ActiveCfg = Release|Any CPU
		{46FD6D97-21C8-4E27-BEFE-5A73CE05F47F}.Release|Any CPU.Build.0 = Release|Any CPU
		{46FD6D97-21C8-4E27-BEFE-5A73CE05F47F}.Release|x64.ActiveCfg = Release|Any CPU
		{46FD6D97-21C8-4E27-BEFE-5A73CE05F47F}.Release|x64.Build.0 = Release|Any CPU
		{46FD6D97-21C8-4E27-BEFE-5A73CE05F47F}.Release|x86.ActiveCfg = Release|Any CPU
		{46FD6D97-21C8-4E27-BEFE-5A73CE05F47F}.Release|x86.Build.0 = Release|Any CPU
		{51018DB9-DD9A-4530-BA09-207D78AAC903}.Debug|Any CPU.ActiveCfg = Debug|Any CPU
		{51018DB9-DD9A-4530-BA09-207D78AAC903}.Debug|Any CPU.Build.0 = Debug|Any CPU
		{51018DB9-DD9A-4530-BA09-207D78AAC903}.Debug|x64.ActiveCfg = Debug|Any CPU
		{51018DB9-DD9A-4530-BA09-207D78AAC903}.Debug|x64.Build.0 = Debug|Any CPU
		{51018DB9-DD9A-4530-BA09-207D78AAC903}.Debug|x86.ActiveCfg = Debug|Any CPU
		{51018DB9-DD9A-4530-BA09-207D78AAC903}.Debug|x86.Build.0 = Debug|Any CPU
		{51018DB9-DD9A-4530-BA09-207D78AAC903}.Release|Any CPU.ActiveCfg = Release|Any CPU
		{51018DB9-DD9A-4530-BA09-207D78AAC903}.Release|Any CPU.Build.0 = Release|Any CPU
		{51018DB9-DD9A-4530-BA09-207D78AAC903}.Release|x64.ActiveCfg = Release|Any CPU
		{51018DB9-DD9A-4530-BA09-207D78AAC903}.Release|x64.Build.0 = Release|Any CPU
		{51018DB9-DD9A-4530-BA09-207D78AAC903}.Release|x86.ActiveCfg = Release|Any CPU
		{51018DB9-DD9A-4530-BA09-207D78AAC903}.Release|x86.Build.0 = Release|Any CPU
		{422F37DC-03A6-4A8D-B502-AEF7C15EC1B8}.Debug|Any CPU.ActiveCfg = Debug|Any CPU
		{422F37DC-03A6-4A8D-B502-AEF7C15EC1B8}.Debug|Any CPU.Build.0 = Debug|Any CPU
		{422F37DC-03A6-4A8D-B502-AEF7C15EC1B8}.Debug|x64.ActiveCfg = Debug|Any CPU
		{422F37DC-03A6-4A8D-B502-AEF7C15EC1B8}.Debug|x64.Build.0 = Debug|Any CPU
		{422F37DC-03A6-4A8D-B502-AEF7C15EC1B8}.Debug|x86.ActiveCfg = Debug|Any CPU
		{422F37DC-03A6-4A8D-B502-AEF7C15EC1B8}.Debug|x86.Build.0 = Debug|Any CPU
		{422F37DC-03A6-4A8D-B502-AEF7C15EC1B8}.Release|Any CPU.ActiveCfg = Release|Any CPU
		{422F37DC-03A6-4A8D-B502-AEF7C15EC1B8}.Release|Any CPU.Build.0 = Release|Any CPU
		{422F37DC-03A6-4A8D-B502-AEF7C15EC1B8}.Release|x64.ActiveCfg = Release|Any CPU
		{422F37DC-03A6-4A8D-B502-AEF7C15EC1B8}.Release|x64.Build.0 = Release|Any CPU
		{422F37DC-03A6-4A8D-B502-AEF7C15EC1B8}.Release|x86.ActiveCfg = Release|Any CPU
		{422F37DC-03A6-4A8D-B502-AEF7C15EC1B8}.Release|x86.Build.0 = Release|Any CPU
	EndGlobalSection
	GlobalSection(SolutionProperties) = preSolution
		HideSolutionNode = FALSE
	EndGlobalSection
	GlobalSection(NestedProjects) = preSolution
		{BFF2DF6E-AA54-47C7-211F-79ACCBB4577C} = {827E0CD3-B72D-47B6-A68D-7590B98EB39B}
		{01069CA2-D07D-4898-A9A3-94DE3F5BF13C} = {BFF2DF6E-AA54-47C7-211F-79ACCBB4577C}
		{C2F51C43-D5B8-5A41-5E44-FAECCB1FC6A3} = {827E0CD3-B72D-47B6-A68D-7590B98EB39B}
		{47C05E73-61B8-4611-8378-7872A51075F1} = {C2F51C43-D5B8-5A41-5E44-FAECCB1FC6A3}
		{E1929B6A-136E-2244-A0EA-4F5CAE35069A} = {827E0CD3-B72D-47B6-A68D-7590B98EB39B}
		{924A1128-A6D9-4D91-A44D-4CA4E246E3A3} = {E1929B6A-136E-2244-A0EA-4F5CAE35069A}
		{DBC58994-8461-1194-0262-600210CF60BD} = {827E0CD3-B72D-47B6-A68D-7590B98EB39B}
		{A5894014-0E12-4B69-805B-27309075120D} = {DBC58994-8461-1194-0262-600210CF60BD}
		{AD23C2D9-FBF6-4521-50A0-795E9800364A} = {827E0CD3-B72D-47B6-A68D-7590B98EB39B}
		{BF499F5D-C6F3-42AB-BA03-09181131138D} = {AD23C2D9-FBF6-4521-50A0-795E9800364A}
		{A1D69D03-291D-DB9F-E07E-060D002C8783} = {827E0CD3-B72D-47B6-A68D-7590B98EB39B}
		{2B0E9012-38B4-499D-9403-CFE1CFB2D6FA} = {A1D69D03-291D-DB9F-E07E-060D002C8783}
		{6306A8FB-679E-111F-6585-8F70E0EE6013} = {827E0CD3-B72D-47B6-A68D-7590B98EB39B}
		{89CBAE79-C28E-45AD-BC55-2B066221DC07} = {6306A8FB-679E-111F-6585-8F70E0EE6013}
		{D072DF1E-AFB6-5E46-68B8-6619B73AC6FE} = {827E0CD3-B72D-47B6-A68D-7590B98EB39B}
		{238ADFB9-5CD9-4BD5-8BA7-959943F0EFA3} = {D072DF1E-AFB6-5E46-68B8-6619B73AC6FE}
		{ADDE1630-439F-429E-7208-AB06076DA8A1} = {827E0CD3-B72D-47B6-A68D-7590B98EB39B}
		{BA8886EF-03EC-4C21-ADAA-948AD2382C4F} = {ADDE1630-439F-429E-7208-AB06076DA8A1}
		{0DAE2FCC-CBD9-4DC6-B940-6A96F66A9D7B} = {0AB3BF05-4346-4AA6-1389-037BE0695223}
		{F096C177-2B26-4FA6-B50A-88ED85085696} = {0AB3BF05-4346-4AA6-1389-037BE0695223}
		{7E54515C-D643-4F45-BA00-6469BAF4DE7C} = {0AB3BF05-4346-4AA6-1389-037BE0695223}
		{4133EA13-8028-4535-A153-C92B1F060F82} = {0AB3BF05-4346-4AA6-1389-037BE0695223}
		{E6307F30-FF35-4E8D-BCB5-F35281D95E27} = {0AB3BF05-4346-4AA6-1389-037BE0695223}
		{5976BF84-570A-49DC-8E83-ACD5C5CAB506} = {0AB3BF05-4346-4AA6-1389-037BE0695223}
		{20F12BF4-68F4-4A7A-B81A-C7F145D2F8B1} = {0AB3BF05-4346-4AA6-1389-037BE0695223}
		{C615B1FD-2AC6-455D-B785-BEB305C18E25} = {0AB3BF05-4346-4AA6-1389-037BE0695223}
		{FC73EE1F-B9D5-AEED-D3B5-FA50EDF610AE} = {A73F2606-6D4C-3EEE-1759-0E59DCFEF523}
		{701FF224-1E7D-450B-85B7-8794A44A38AE} = {FC73EE1F-B9D5-AEED-D3B5-FA50EDF610AE}
		{10CF7C17-3D60-4E56-8711-51489BEC69B7} = {FC73EE1F-B9D5-AEED-D3B5-FA50EDF610AE}
		{A8BBDB27-C4F9-4B41-952E-E3092A7B3CB4} = {FC73EE1F-B9D5-AEED-D3B5-FA50EDF610AE}
		{0133BD40-ED91-4779-9A62-F63ADFEFAFA9} = {FC73EE1F-B9D5-AEED-D3B5-FA50EDF610AE}
		{FD47398F-7F3B-4747-B54A-F154A84BAC98} = {FC73EE1F-B9D5-AEED-D3B5-FA50EDF610AE}
		{4DF73C94-9058-48A8-8F44-5657FD312C47} = {FC73EE1F-B9D5-AEED-D3B5-FA50EDF610AE}
		{82E789F8-08B8-43E0-80A9-BAE3880B7CDB} = {827E0CD3-B72D-47B6-A68D-7590B98EB39B}
		{46FD6D97-21C8-4E27-BEFE-5A73CE05F47F} = {82E789F8-08B8-43E0-80A9-BAE3880B7CDB}
		{51018DB9-DD9A-4530-BA09-207D78AAC903} = {0AB3BF05-4346-4AA6-1389-037BE0695223}
		{422F37DC-03A6-4A8D-B502-AEF7C15EC1B8} = {0AB3BF05-4346-4AA6-1389-037BE0695223}
	EndGlobalSection
EndGlobal
